github.com/icattlecoder/godaemon v0.0.0-20140627053409-f0fff2a3c017 h1:2eHCVPt8/pPE7z6vYpn7T4127uEF+pSIQVRsQDewRAI=
github.com/icattlecoder/godaemon v0.0.0-20140627053409-f0fff2a3c017/go.mod h1:fuSLffm84em5QqYaaFttboZq0bvWJal6SBHJH+J0xmY=
github.com/robfig/cron v1.2.0 h1:ZjScXvvxeQ63Dbyxy76Fj3AT3Ut0aKsyd2/tl3DTMuQ=
github.com/robfig/cron v1.2.0/go.mod h1:JGuDeoQd7Z6yL4zQhZ3OPEVHB7fL6Ka6skscFHfmt2k=
